
Microsoft Visual Studio Solution File, Format Version 12.00
# Visual Studio 15
VisualStudioVersion = 15.0.28307.136
MinimumVisualStudioVersion = 10.0.40219.1
Project("{FAE04EC0-301F-11D3-BF4B-00C04F79EFBC}") = "LWBugTracking", "LWBugTracking\LWBugTracking.csproj", "{1E35F67A-7A61-4A78-A1E6-0565890BEACD}"
EndProject
Global
	GlobalSection(SolutionConfigurationPlatforms) = preSolution
		Debug|Any CPU = Debug|Any CPU
		Release|Any CPU = Release|Any CPU
	EndGlobalSection
	GlobalSection(ProjectConfigurationPlatforms) = postSolution
		{1E35F67A-7A61-4A78-A1E6-0565890BEACD}.Debug|Any CPU.ActiveCfg = Debug|Any CPU
		{1E35F67A-7A61-4A78-A1E6-0565890BEACD}.Debug|Any CPU.Build.0 = Debug|Any CPU
		{1E35F67A-7A61-4A78-A1E6-0565890BEACD}.Release|Any CPU.ActiveCfg = Release|Any CPU
		{1E35F67A-7A61-4A78-A1E6-0565890BEACD}.Release|Any CPU.Build.0 = Release|Any CPU
	EndGlobalSection
	GlobalSection(SolutionProperties) = preSolution
		HideSolutionNode = FALSE
	EndGlobalSection
	GlobalSection(ExtensibilityGlobals) = postSolution
		SolutionGuid = {69868E04-90C7-4920-A049-8D4AC5A12CF7}
	EndGlobalSection
EndGlobal
